github.com/AlanTanner/pdfjs-hugo-module v0.0.0-20230218013119-055479d52775 h1:RtZsldlnPPD8xQ62sEi2eX3FToQoFmd6lLMCV2iei1I=
github.com/AlanTanner/pdfjs-hugo-module v0.0.0-20230218013119-055479d52775/go.mod h1:rDKGlupurJcLDdZmbZKYq4SZabM9Q+68VLpzTk7vz/w=
github.com/AlanTanner/pdfjs-hugo-module v0.0.0-20230218014928-7292b5dab28d h1:CpIfYFri8lQQmnOsPX8X7AIAFzuJ2HrdqBthKwEXXKM=
github.com/AlanTanner/pdfjs-hugo-module v0.0.0-20230218014928-7292b5dab28d/go.mod h1:rDKGlupurJcLDdZmbZKYq4SZabM9Q+68VLpzTk7vz/w=
